
Microsoft Visual Studio Solution File, Format Version 12.00
# Visual Studio Version 17
VisualStudioVersion = 17.1.32228.430
MinimumVisualStudioVersion = 10.0.40219.1
Project("{9A19103F-16F7-4668-BE54-9A1E7A4F7556}") = "Ergus.Backend.Core", "src\Ergus.Backend.Core\Ergus.Backend.Core.csproj", "{1A42F948-2298-441E-9661-86CE30BD7C38}"
EndProject
Project("{9A19103F-16F7-4668-BE54-9A1E7A4F7556}") = "Ergus.Backend.Infrastructure", "src\Ergus.Backend.Infrastructure\Ergus.Backend.Infrastructure.csproj", "{9E8A30BB-EEC7-4AC1-9C98-00800918214A}"
EndProject
Project("{9A19103F-16F7-4668-BE54-9A1E7A4F7556}") = "Ergus.Backend.Application", "src\Ergus.Backend.Application\Ergus.Backend.Application.csproj", "{1C0A69B8-AA59-405D-A157-26D8796B1E17}"
EndProject
Project("{9A19103F-16F7-4668-BE54-9A1E7A4F7556}") = "Ergus.Backend.WebApi.Catalogo", "src\Ergus.Backend.WebApi.Catalogo\Ergus.Backend.WebApi.Catalogo.csproj", "{5287B6FB-E9AC-4873-84C6-A947348BEE6F}"
EndProject
Project("{9A19103F-16F7-4668-BE54-9A1E7A4F7556}") = "Ergus.Backend.WebApi.Auth", "src\Ergus.Backend.WebApi.Auth\Ergus.Backend.WebApi.Auth.csproj", "{E15D0213-6824-4146-B61F-0E96B927B6D1}"
EndProject
Project("{2150E333-8FDC-42A3-9474-1A3956D46DE8}") = "1 - WebApis", "1 - WebApis", "{38CA0E84-2D45-4E2E-85DB-75C613DDC930}"
EndProject
Project("{2150E333-8FDC-42A3-9474-1A3956D46DE8}") = "0 - Core", "0 - Core", "{727AD236-1FF1-4534-9D2E-B0AD72C066F9}"
EndProject
Project("{2150E333-8FDC-42A3-9474-1A3956D46DE8}") = "2 - Tests", "2 - Tests", "{7674296B-B8A9-4BB5-91E8-8B84151FCF78}"
EndProject
Project("{FAE04EC0-301F-11D3-BF4B-00C04F79EFBC}") = "Ergus.Backend.Application.Tests", "test\Ergus.Backend.Application.Tests\Ergus.Backend.Application.Tests.csproj", "{B8126A4B-6AF7-4901-928A-E31AA910B1FF}"
EndProject
Global
	GlobalSection(SolutionConfigurationPlatforms) = preSolution
		Debug|Any CPU = Debug|Any CPU
		Release|Any CPU = Release|Any CPU
	EndGlobalSection
	GlobalSection(ProjectConfigurationPlatforms) = postSolution
		{1A42F948-2298-441E-9661-86CE30BD7C38}.Debug|Any CPU.ActiveCfg = Debug|Any CPU
		{1A42F948-2298-441E-9661-86CE30BD7C38}.Debug|Any CPU.Build.0 = Debug|Any CPU
		{1A42F948-2298-441E-9661-86CE30BD7C38}.Release|Any CPU.ActiveCfg = Release|Any CPU
		{1A42F948-2298-441E-9661-86CE30BD7C38}.Release|Any CPU.Build.0 = Release|Any CPU
		{9E8A30BB-EEC7-4AC1-9C98-00800918214A}.Debug|Any CPU.ActiveCfg = Debug|Any CPU
		{9E8A30BB-EEC7-4AC1-9C98-00800918214A}.Debug|Any CPU.Build.0 = Debug|Any CPU
		{9E8A30BB-EEC7-4AC1-9C98-00800918214A}.Release|Any CPU.ActiveCfg = Release|Any CPU
		{9E8A30BB-EEC7-4AC1-9C98-00800918214A}.Release|Any CPU.Build.0 = Release|Any CPU
		{1C0A69B8-AA59-405D-A157-26D8796B1E17}.Debug|Any CPU.ActiveCfg = Debug|Any CPU
		{1C0A69B8-AA59-405D-A157-26D8796B1E17}.Debug|Any CPU.Build.0 = Debug|Any CPU
		{1C0A69B8-AA59-405D-A157-26D8796B1E17}.Release|Any CPU.ActiveCfg = Release|Any CPU
		{1C0A69B8-AA59-405D-A157-26D8796B1E17}.Release|Any CPU.Build.0 = Release|Any CPU
		{5287B6FB-E9AC-4873-84C6-A947348BEE6F}.Debug|Any CPU.ActiveCfg = Debug|Any CPU
		{5287B6FB-E9AC-4873-84C6-A947348BEE6F}.Debug|Any CPU.Build.0 = Debug|Any CPU
		{5287B6FB-E9AC-4873-84C6-A947348BEE6F}.Release|Any CPU.ActiveCfg = Release|Any CPU
		{5287B6FB-E9AC-4873-84C6-A947348BEE6F}.Release|Any CPU.Build.0 = Release|Any CPU
		{E15D0213-6824-4146-B61F-0E96B927B6D1}.Debug|Any CPU.ActiveCfg = Debug|Any CPU
		{E15D0213-6824-4146-B61F-0E96B927B6D1}.Debug|Any CPU.Build.0 = Debug|Any CPU
		{E15D0213-6824-4146-B61F-0E96B927B6D1}.Release|Any CPU.ActiveCfg = Release|Any CPU
		{E15D0213-6824-4146-B61F-0E96B927B6D1}.Release|Any CPU.Build.0 = Release|Any CPU
		{B8126A4B-6AF7-4901-928A-E31AA910B1FF}.Debug|Any CPU.ActiveCfg = Debug|Any CPU
		{B8126A4B-6AF7-4901-928A-E31AA910B1FF}.Debug|Any CPU.Build.0 = Debug|Any CPU
		{B8126A4B-6AF7-4901-928A-E31AA910B1FF}.Release|Any CPU.ActiveCfg = Release|Any CPU
		{B8126A4B-6AF7-4901-928A-E31AA910B1FF}.Release|Any CPU.Build.0 = Release|Any CPU
	EndGlobalSection
	GlobalSection(SolutionProperties) = preSolution
		HideSolutionNode = FALSE
	EndGlobalSection
	GlobalSection(NestedProjects) = preSolution
		{1A42F948-2298-441E-9661-86CE30BD7C38} = {727AD236-1FF1-4534-9D2E-B0AD72C066F9}
		{9E8A30BB-EEC7-4AC1-9C98-00800918214A} = {727AD236-1FF1-4534-9D2E-B0AD72C066F9}
		{1C0A69B8-AA59-405D-A157-26D8796B1E17} = {727AD236-1FF1-4534-9D2E-B0AD72C066F9}
		{5287B6FB-E9AC-4873-84C6-A947348BEE6F} = {38CA0E84-2D45-4E2E-85DB-75C613DDC930}
		{E15D0213-6824-4146-B61F-0E96B927B6D1} = {38CA0E84-2D45-4E2E-85DB-75C613DDC930}
		{B8126A4B-6AF7-4901-928A-E31AA910B1FF} = {7674296B-B8A9-4BB5-91E8-8B84151FCF78}
	EndGlobalSection
	GlobalSection(ExtensibilityGlobals) = postSolution
		SolutionGuid = {7E916563-095C-4480-A2BF-DBE23DEB58E5}
	EndGlobalSection
EndGlobal
