
Microsoft Visual Studio Solution File, Format Version 12.00
# Visual Studio Version 17
VisualStudioVersion = 17.1.32228.430
MinimumVisualStudioVersion = 10.0.40219.1
Project("{9A19103F-16F7-4668-BE54-9A1E7A4F7556}") = "Ergus.Backend.WebApi.Catalogo", "src\Ergus.Backend.WebApi.Catalogo\Ergus.Backend.WebApi.Catalogo.csproj", "{5B4F421B-9F80-442A-8BCA-A66BDE18A2AC}"
EndProject
Project("{9A19103F-16F7-4668-BE54-9A1E7A4F7556}") = "Ergus.Backend.Core", "src\Ergus.Backend.Core\Ergus.Backend.Core.csproj", "{CFCCA316-283D-416E-AAC0-CF030FF49620}"
EndProject
Project("{9A19103F-16F7-4668-BE54-9A1E7A4F7556}") = "Ergus.Backend.Infrastructure", "src\Ergus.Backend.Infrastructure\Ergus.Backend.Infrastructure.csproj", "{4DC6FB38-6C3F-4DE1-B426-58B1AF0459D7}"
EndProject
Project("{9A19103F-16F7-4668-BE54-9A1E7A4F7556}") = "Ergus.Backend.Application", "src\Ergus.Backend.Application\Ergus.Backend.Application.csproj", "{077FB0AB-CD5E-44EE-8770-0C3F63379178}"
EndProject
Global
	GlobalSection(SolutionConfigurationPlatforms) = preSolution
		Debug|Any CPU = Debug|Any CPU
		Release|Any CPU = Release|Any CPU
	EndGlobalSection
	GlobalSection(ProjectConfigurationPlatforms) = postSolution
		{5B4F421B-9F80-442A-8BCA-A66BDE18A2AC}.Debug|Any CPU.ActiveCfg = Debug|Any CPU
		{5B4F421B-9F80-442A-8BCA-A66BDE18A2AC}.Debug|Any CPU.Build.0 = Debug|Any CPU
		{5B4F421B-9F80-442A-8BCA-A66BDE18A2AC}.Release|Any CPU.ActiveCfg = Release|Any CPU
		{5B4F421B-9F80-442A-8BCA-A66BDE18A2AC}.Release|Any CPU.Build.0 = Release|Any CPU
		{CFCCA316-283D-416E-AAC0-CF030FF49620}.Debug|Any CPU.ActiveCfg = Debug|Any CPU
		{CFCCA316-283D-416E-AAC0-CF030FF49620}.Debug|Any CPU.Build.0 = Debug|Any CPU
		{CFCCA316-283D-416E-AAC0-CF030FF49620}.Release|Any CPU.ActiveCfg = Release|Any CPU
		{CFCCA316-283D-416E-AAC0-CF030FF49620}.Release|Any CPU.Build.0 = Release|Any CPU
		{4DC6FB38-6C3F-4DE1-B426-58B1AF0459D7}.Debug|Any CPU.ActiveCfg = Debug|Any CPU
		{4DC6FB38-6C3F-4DE1-B426-58B1AF0459D7}.Debug|Any CPU.Build.0 = Debug|Any CPU
		{4DC6FB38-6C3F-4DE1-B426-58B1AF0459D7}.Release|Any CPU.ActiveCfg = Release|Any CPU
		{4DC6FB38-6C3F-4DE1-B426-58B1AF0459D7}.Release|Any CPU.Build.0 = Release|Any CPU
		{077FB0AB-CD5E-44EE-8770-0C3F63379178}.Debug|Any CPU.ActiveCfg = Debug|Any CPU
		{077FB0AB-CD5E-44EE-8770-0C3F63379178}.Debug|Any CPU.Build.0 = Debug|Any CPU
		{077FB0AB-CD5E-44EE-8770-0C3F63379178}.Release|Any CPU.ActiveCfg = Release|Any CPU
		{077FB0AB-CD5E-44EE-8770-0C3F63379178}.Release|Any CPU.Build.0 = Release|Any CPU
	EndGlobalSection
	GlobalSection(SolutionProperties) = preSolution
		HideSolutionNode = FALSE
	EndGlobalSection
	GlobalSection(ExtensibilityGlobals) = postSolution
		SolutionGuid = {D2F23FF5-F7A2-4901-BB83-78608DE48D73}
	EndGlobalSection
EndGlobal
